// !$*UTF8*$!
{
	archiveVersion = 1;
	classes = {
	};
	objectVersion = 55;
	objects = {

/* Begin PBXBuildFile section */
		42C01235288D63C300E0CADB /* QuizWrongView.swift in Sources */ = {isa = PBXBuildFile; fileRef = 42C01234288D63C300E0CADB /* QuizWrongView.swift */; };
		42C01237288D63F300E0CADB /* QuizWrongViewController.swift in Sources */ = {isa = PBXBuildFile; fileRef = 42C01236288D63F300E0CADB /* QuizWrongViewController.swift */; };
		42C0123C288FB2EA00E0CADB /* DataModel.swift in Sources */ = {isa = PBXBuildFile; fileRef = 42C0123B288FB2EA00E0CADB /* DataModel.swift */; };
		42C0123E288FB35500E0CADB /* AnimalQuizzes.json in Resources */ = {isa = PBXBuildFile; fileRef = 42C0123D288FB35500E0CADB /* AnimalQuizzes.json */; };
		42E8B23F288C0E210097D909 /* QuizCompleteView.swift in Sources */ = {isa = PBXBuildFile; fileRef = 42E8B23E288C0E210097D909 /* QuizCompleteView.swift */; };
		42F30F23288C03A900F772C6 /* QuizCompleteViewController.swift in Sources */ = {isa = PBXBuildFile; fileRef = 42F30F22288C03A900F772C6 /* QuizCompleteViewController.swift */; };
		964E45C8288D8F33004A43D4 /* Memo.swift in Sources */ = {isa = PBXBuildFile; fileRef = 964E45C7288D8F33004A43D4 /* Memo.swift */; };
		964E45CA288DB69C004A43D4 /* EntranceView.swift in Sources */ = {isa = PBXBuildFile; fileRef = 964E45C9288DB69C004A43D4 /* EntranceView.swift */; };
		9656BC4A28910A5A00318D07 /* checkmark.json in Resources */ = {isa = PBXBuildFile; fileRef = 9656BC4928910A5A00318D07 /* checkmark.json */; };
		9656BC4C28910AD500318D07 /* CheckmarkLottieView.swift in Sources */ = {isa = PBXBuildFile; fileRef = 9656BC4B28910AD500318D07 /* CheckmarkLottieView.swift */; };
		9656BC4F28910B4800318D07 /* Lottie in Frameworks */ = {isa = PBXBuildFile; productRef = 9656BC4E28910B4800318D07 /* Lottie */; };
		9678A711288AC3E600678BDF /* AppDelegate.swift in Sources */ = {isa = PBXBuildFile; fileRef = 9678A710288AC3E600678BDF /* AppDelegate.swift */; };
		9678A713288AC3E600678BDF /* SceneDelegate.swift in Sources */ = {isa = PBXBuildFile; fileRef = 9678A712288AC3E600678BDF /* SceneDelegate.swift */; };
		9678A715288AC3E600678BDF /* MainViewController.swift in Sources */ = {isa = PBXBuildFile; fileRef = 9678A714288AC3E600678BDF /* MainViewController.swift */; };
		9678A71A288AC3E700678BDF /* Assets.xcassets in Resources */ = {isa = PBXBuildFile; fileRef = 9678A719288AC3E700678BDF /* Assets.xcassets */; };
		9678A71D288AC3E700678BDF /* LaunchScreen.storyboard in Resources */ = {isa = PBXBuildFile; fileRef = 9678A71B288AC3E700678BDF /* LaunchScreen.storyboard */; };
		96D35B48288F12F9000FAC52 /* ReadyView.swift in Sources */ = {isa = PBXBuildFile; fileRef = 96D35B47288F12F9000FAC52 /* ReadyView.swift */; };
		96DBD9B9288BB9E6006B2767 /* Extension.swift in Sources */ = {isa = PBXBuildFile; fileRef = 96DBD9B8288BB9E6006B2767 /* Extension.swift */; };
		96DBD9BB288BC9FF006B2767 /* ClearTestViewController.swift in Sources */ = {isa = PBXBuildFile; fileRef = 96DBD9BA288BC9FF006B2767 /* ClearTestViewController.swift */; };
		BA356C5A2891050300224A24 /* textSound2.wav in Resources */ = {isa = PBXBuildFile; fileRef = BA356C582891050300224A24 /* textSound2.wav */; };
		BA356C5B2891050300224A24 /* textSound3.wav in Resources */ = {isa = PBXBuildFile; fileRef = BA356C592891050300224A24 /* textSound3.wav */; };
		BA356C5D2891062600224A24 /* textSound.wav in Resources */ = {isa = PBXBuildFile; fileRef = BA356C5C2891062600224A24 /* textSound.wav */; };
		BA356C5F289116A100224A24 /* typingSound.wav in Resources */ = {isa = PBXBuildFile; fileRef = BA356C5E289116A100224A24 /* typingSound.wav */; };
		BA356C61289117F600224A24 /* startGameSound.wav in Resources */ = {isa = PBXBuildFile; fileRef = BA356C60289117F600224A24 /* startGameSound.wav */; };
		BA356C6328911A0100224A24 /* typingSound2.wav in Resources */ = {isa = PBXBuildFile; fileRef = BA356C6228911A0100224A24 /* typingSound2.wav */; };
		BA356C6528911CEA00224A24 /* pageFlipSound.wav in Resources */ = {isa = PBXBuildFile; fileRef = BA356C6428911CEA00224A24 /* pageFlipSound.wav */; };
		BAA5DF4F288C03F1001931FE /* LaunchScreenController.swift in Sources */ = {isa = PBXBuildFile; fileRef = BAA5DF4E288C03F1001931FE /* LaunchScreenController.swift */; };
		BAA5DF51288C0594001931FE /* KOTRA HOPE.ttf in Resources */ = {isa = PBXBuildFile; fileRef = BAA5DF50288C0594001931FE /* KOTRA HOPE.ttf */; };
		BAA5DF5F288D30B9001931FE /* LaunchImage.png in Resources */ = {isa = PBXBuildFile; fileRef = BAA5DF5E288D30B9001931FE /* LaunchImage.png */; };
		FE5DCEEE288D57D900DBD272 /* QuizViewController.swift in Sources */ = {isa = PBXBuildFile; fileRef = FE5DCEEC288D57D800DBD272 /* QuizViewController.swift */; };
		FE5DCEEF288D57D900DBD272 /* QuizPageViewController.swift in Sources */ = {isa = PBXBuildFile; fileRef = FE5DCEED288D57D800DBD272 /* QuizPageViewController.swift */; };
		FE5DCEF72891261100DBD272 /* cheerSound.wav in Resources */ = {isa = PBXBuildFile; fileRef = FE5DCEF62891261100DBD272 /* cheerSound.wav */; };
/* End PBXBuildFile section */

/* Begin PBXFileReference section */
		42C01234288D63C300E0CADB /* QuizWrongView.swift */ = {isa = PBXFileReference; lastKnownFileType = sourcecode.swift; path = QuizWrongView.swift; sourceTree = "<group>"; };
		42C01236288D63F300E0CADB /* QuizWrongViewController.swift */ = {isa = PBXFileReference; lastKnownFileType = sourcecode.swift; path = QuizWrongViewController.swift; sourceTree = "<group>"; };
		42C0123B288FB2EA00E0CADB /* DataModel.swift */ = {isa = PBXFileReference; lastKnownFileType = sourcecode.swift; path = DataModel.swift; sourceTree = "<group>"; };
		42C0123D288FB35500E0CADB /* AnimalQuizzes.json */ = {isa = PBXFileReference; lastKnownFileType = text.json; path = AnimalQuizzes.json; sourceTree = "<group>"; };
		42E8B23E288C0E210097D909 /* QuizCompleteView.swift */ = {isa = PBXFileReference; lastKnownFileType = sourcecode.swift; path = QuizCompleteView.swift; sourceTree = "<group>"; };
		42F30F22288C03A900F772C6 /* QuizCompleteViewController.swift */ = {isa = PBXFileReference; lastKnownFileType = sourcecode.swift; path = QuizCompleteViewController.swift; sourceTree = "<group>"; };
		964E45C7288D8F33004A43D4 /* Memo.swift */ = {isa = PBXFileReference; lastKnownFileType = sourcecode.swift; path = Memo.swift; sourceTree = "<group>"; };
		964E45C9288DB69C004A43D4 /* EntranceView.swift */ = {isa = PBXFileReference; lastKnownFileType = sourcecode.swift; path = EntranceView.swift; sourceTree = "<group>"; };
		9656BC4928910A5A00318D07 /* checkmark.json */ = {isa = PBXFileReference; fileEncoding = 4; lastKnownFileType = text.json; path = checkmark.json; sourceTree = "<group>"; };
		9656BC4B28910AD500318D07 /* CheckmarkLottieView.swift */ = {isa = PBXFileReference; lastKnownFileType = sourcecode.swift; path = CheckmarkLottieView.swift; sourceTree = "<group>"; };
		9678A70D288AC3E600678BDF /* FindAnimalFriends.app */ = {isa = PBXFileReference; explicitFileType = wrapper.application; includeInIndex = 0; path = FindAnimalFriends.app; sourceTree = BUILT_PRODUCTS_DIR; };
		9678A710288AC3E600678BDF /* AppDelegate.swift */ = {isa = PBXFileReference; lastKnownFileType = sourcecode.swift; path = AppDelegate.swift; sourceTree = "<group>"; };
		9678A712288AC3E600678BDF /* SceneDelegate.swift */ = {isa = PBXFileReference; lastKnownFileType = sourcecode.swift; path = SceneDelegate.swift; sourceTree = "<group>"; };
		9678A714288AC3E600678BDF /* MainViewController.swift */ = {isa = PBXFileReference; lastKnownFileType = sourcecode.swift; path = MainViewController.swift; sourceTree = "<group>"; };
		9678A719288AC3E700678BDF /* Assets.xcassets */ = {isa = PBXFileReference; lastKnownFileType = folder.assetcatalog; path = Assets.xcassets; sourceTree = "<group>"; };
		9678A71C288AC3E700678BDF /* Base */ = {isa = PBXFileReference; lastKnownFileType = file.storyboard; name = Base; path = Base.lproj/LaunchScreen.storyboard; sourceTree = "<group>"; };
		9678A71E288AC3E700678BDF /* Info.plist */ = {isa = PBXFileReference; lastKnownFileType = text.plist.xml; path = Info.plist; sourceTree = "<group>"; };
		96D35B47288F12F9000FAC52 /* ReadyView.swift */ = {isa = PBXFileReference; lastKnownFileType = sourcecode.swift; path = ReadyView.swift; sourceTree = "<group>"; };
		96DBD9B8288BB9E6006B2767 /* Extension.swift */ = {isa = PBXFileReference; lastKnownFileType = sourcecode.swift; path = Extension.swift; sourceTree = "<group>"; };
		96DBD9BA288BC9FF006B2767 /* ClearTestViewController.swift */ = {isa = PBXFileReference; lastKnownFileType = sourcecode.swift; path = ClearTestViewController.swift; sourceTree = "<group>"; };
		BA356C582891050300224A24 /* textSound2.wav */ = {isa = PBXFileReference; lastKnownFileType = audio.wav; path = textSound2.wav; sourceTree = "<group>"; };
		BA356C592891050300224A24 /* textSound3.wav */ = {isa = PBXFileReference; lastKnownFileType = audio.wav; path = textSound3.wav; sourceTree = "<group>"; };
		BA356C5C2891062600224A24 /* textSound.wav */ = {isa = PBXFileReference; lastKnownFileType = audio.wav; path = textSound.wav; sourceTree = "<group>"; };
		BA356C5E289116A100224A24 /* typingSound.wav */ = {isa = PBXFileReference; lastKnownFileType = audio.wav; path = typingSound.wav; sourceTree = "<group>"; };
		BA356C60289117F600224A24 /* startGameSound.wav */ = {isa = PBXFileReference; lastKnownFileType = audio.wav; path = startGameSound.wav; sourceTree = "<group>"; };
		BA356C6228911A0100224A24 /* typingSound2.wav */ = {isa = PBXFileReference; lastKnownFileType = audio.wav; path = typingSound2.wav; sourceTree = "<group>"; };
		BA356C6428911CEA00224A24 /* pageFlipSound.wav */ = {isa = PBXFileReference; lastKnownFileType = audio.wav; path = pageFlipSound.wav; sourceTree = "<group>"; };
		BAA5DF4E288C03F1001931FE /* LaunchScreenController.swift */ = {isa = PBXFileReference; lastKnownFileType = sourcecode.swift; path = LaunchScreenController.swift; sourceTree = "<group>"; };
		BAA5DF50288C0594001931FE /* KOTRA HOPE.ttf */ = {isa = PBXFileReference; lastKnownFileType = file; path = "KOTRA HOPE.ttf"; sourceTree = "<group>"; };
		BAA5DF5E288D30B9001931FE /* LaunchImage.png */ = {isa = PBXFileReference; lastKnownFileType = image.png; path = LaunchImage.png; sourceTree = "<group>"; };
		FE5DCEEC288D57D800DBD272 /* QuizViewController.swift */ = {isa = PBXFileReference; fileEncoding = 4; lastKnownFileType = sourcecode.swift; path = QuizViewController.swift; sourceTree = "<group>"; };
		FE5DCEED288D57D800DBD272 /* QuizPageViewController.swift */ = {isa = PBXFileReference; fileEncoding = 4; lastKnownFileType = sourcecode.swift; path = QuizPageViewController.swift; sourceTree = "<group>"; };
		FE5DCEF62891261100DBD272 /* cheerSound.wav */ = {isa = PBXFileReference; lastKnownFileType = audio.wav; path = cheerSound.wav; sourceTree = "<group>"; };
/* End PBXFileReference section */

/* Begin PBXFrameworksBuildPhase section */
		9678A70A288AC3E600678BDF /* Frameworks */ = {
			isa = PBXFrameworksBuildPhase;
			buildActionMask = 2147483647;
			files = (
				9656BC4F28910B4800318D07 /* Lottie in Frameworks */,
			);
			runOnlyForDeploymentPostprocessing = 0;
		};
/* End PBXFrameworksBuildPhase section */

/* Begin PBXGroup section */
		42C01238288FB26A00E0CADB /* Model */ = {
			isa = PBXGroup;
			children = (
				964E45C7288D8F33004A43D4 /* Memo.swift */,
				42C0123B288FB2EA00E0CADB /* DataModel.swift */,
				42C0123D288FB35500E0CADB /* AnimalQuizzes.json */,
			);
			path = Model;
			sourceTree = "<group>";
		};
		42C01239288FB28200E0CADB /* View */ = {
			isa = PBXGroup;
			children = (
				964E45C9288DB69C004A43D4 /* EntranceView.swift */,
				96D35B47288F12F9000FAC52 /* ReadyView.swift */,
				9656BC4B28910AD500318D07 /* CheckmarkLottieView.swift */,
				42E8B23E288C0E210097D909 /* QuizCompleteView.swift */,
				42C01234288D63C300E0CADB /* QuizWrongView.swift */,
			);
			path = View;
			sourceTree = "<group>";
		};
		42C0123A288FB29000E0CADB /* ViewController */ = {
			isa = PBXGroup;
			children = (
				FE5DCEED288D57D800DBD272 /* QuizPageViewController.swift */,
				FE5DCEEC288D57D800DBD272 /* QuizViewController.swift */,
				9678A714288AC3E600678BDF /* MainViewController.swift */,
				42C01236288D63F300E0CADB /* QuizWrongViewController.swift */,
				42F30F22288C03A900F772C6 /* QuizCompleteViewController.swift */,
				96DBD9BA288BC9FF006B2767 /* ClearTestViewController.swift */,
			);
			path = ViewController;
			sourceTree = "<group>";
		};
		9656BC4828910A1D00318D07 /* Lottie */ = {
			isa = PBXGroup;
			children = (
				9656BC4928910A5A00318D07 /* checkmark.json */,
			);
			path = Lottie;
			sourceTree = "<group>";
		};
		9678A704288AC3E600678BDF = {
			isa = PBXGroup;
			children = (
				9678A70F288AC3E600678BDF /* FindAnimalFriends */,
				9678A70E288AC3E600678BDF /* Products */,
			);
			sourceTree = "<group>";
		};
		9678A70E288AC3E600678BDF /* Products */ = {
			isa = PBXGroup;
			children = (
				9678A70D288AC3E600678BDF /* FindAnimalFriends.app */,
			);
			name = Products;
			sourceTree = "<group>";
		};
		9678A70F288AC3E600678BDF /* FindAnimalFriends */ = {
			isa = PBXGroup;
			children = (
				9656BC4828910A1D00318D07 /* Lottie */,
				BA356C572891049000224A24 /* Sound */,
				42C0123A288FB29000E0CADB /* ViewController */,
				42C01239288FB28200E0CADB /* View */,
				42C01238288FB26A00E0CADB /* Model */,
				BAA5DF4C288BFFD1001931FE /* Font */,
				BA9D1EAD288BCBD70023C807 /* LaunchScreen */,
				9678A710288AC3E600678BDF /* AppDelegate.swift */,
				9678A712288AC3E600678BDF /* SceneDelegate.swift */,
				96DBD9B8288BB9E6006B2767 /* Extension.swift */,
				9678A719288AC3E700678BDF /* Assets.xcassets */,
				9678A71B288AC3E700678BDF /* LaunchScreen.storyboard */,
				9678A71E288AC3E700678BDF /* Info.plist */,
			);
			path = FindAnimalFriends;
			sourceTree = "<group>";
		};
		BA356C572891049000224A24 /* Sound */ = {
			isa = PBXGroup;
			children = (
				FE5DCEF62891261100DBD272 /* cheerSound.wav */,
				BA356C60289117F600224A24 /* startGameSound.wav */,
				BA356C6428911CEA00224A24 /* pageFlipSound.wav */,
				BA356C5C2891062600224A24 /* textSound.wav */,
				BA356C582891050300224A24 /* textSound2.wav */,
				BA356C592891050300224A24 /* textSound3.wav */,
				BA356C6228911A0100224A24 /* typingSound2.wav */,
				BA356C5E289116A100224A24 /* typingSound.wav */,
			);
			path = Sound;
			sourceTree = "<group>";
		};
		BA9D1EAD288BCBD70023C807 /* LaunchScreen */ = {
			isa = PBXGroup;
			children = (
				BA9D1EB4288BD0430023C807 /* LaunchImage */,
				BAA5DF4E288C03F1001931FE /* LaunchScreenController.swift */,
			);
			path = LaunchScreen;
			sourceTree = "<group>";
		};
		BA9D1EB4288BD0430023C807 /* LaunchImage */ = {
			isa = PBXGroup;
			children = (
				BAA5DF5E288D30B9001931FE /* LaunchImage.png */,
			);
			path = LaunchImage;
			sourceTree = "<group>";
		};
		BAA5DF4C288BFFD1001931FE /* Font */ = {
			isa = PBXGroup;
			children = (
				BAA5DF50288C0594001931FE /* KOTRA HOPE.ttf */,
			);
			path = Font;
			sourceTree = "<group>";
		};
/* End PBXGroup section */

/* Begin PBXNativeTarget section */
		9678A70C288AC3E600678BDF /* FindAnimalFriends */ = {
			isa = PBXNativeTarget;
			buildConfigurationList = 9678A721288AC3E700678BDF /* Build configuration list for PBXNativeTarget "FindAnimalFriends" */;
			buildPhases = (
				9678A709288AC3E600678BDF /* Sources */,
				9678A70A288AC3E600678BDF /* Frameworks */,
				9678A70B288AC3E600678BDF /* Resources */,
			);
			buildRules = (
			);
			dependencies = (
			);
			name = FindAnimalFriends;
			packageProductDependencies = (
				9656BC4E28910B4800318D07 /* Lottie */,
			);
			productName = FindAnimalFriends;
			productReference = 9678A70D288AC3E600678BDF /* FindAnimalFriends.app */;
			productType = "com.apple.product-type.application";
		};
/* End PBXNativeTarget section */

/* Begin PBXProject section */
		9678A705288AC3E600678BDF /* Project object */ = {
			isa = PBXProject;
			attributes = {
				BuildIndependentTargetsInParallel = 1;
				LastSwiftUpdateCheck = 1340;
				LastUpgradeCheck = 1340;
				TargetAttributes = {
					9678A70C288AC3E600678BDF = {
						CreatedOnToolsVersion = 13.4.1;
					};
				};
			};
			buildConfigurationList = 9678A708288AC3E600678BDF /* Build configuration list for PBXProject "FindAnimalFriends" */;
			compatibilityVersion = "Xcode 13.0";
			developmentRegion = en;
			hasScannedForEncodings = 0;
			knownRegions = (
				en,
				Base,
			);
			mainGroup = 9678A704288AC3E600678BDF;
			packageReferences = (
				9656BC4D28910B4800318D07 /* XCRemoteSwiftPackageReference "lottie-ios" */,
			);
			productRefGroup = 9678A70E288AC3E600678BDF /* Products */;
			projectDirPath = "";
			projectRoot = "";
			targets = (
				9678A70C288AC3E600678BDF /* FindAnimalFriends */,
			);
		};
/* End PBXProject section */

/* Begin PBXResourcesBuildPhase section */
		9678A70B288AC3E600678BDF /* Resources */ = {
			isa = PBXResourcesBuildPhase;
			buildActionMask = 2147483647;
			files = (
				BA356C5A2891050300224A24 /* textSound2.wav in Resources */,
				BAA5DF5F288D30B9001931FE /* LaunchImage.png in Resources */,
				BA356C5B2891050300224A24 /* textSound3.wav in Resources */,
				42C0123E288FB35500E0CADB /* AnimalQuizzes.json in Resources */,
				9678A71D288AC3E700678BDF /* LaunchScreen.storyboard in Resources */,
				9678A71A288AC3E700678BDF /* Assets.xcassets in Resources */,
				BA356C5F289116A100224A24 /* typingSound.wav in Resources */,
				BA356C6328911A0100224A24 /* typingSound2.wav in Resources */,
				FE5DCEF72891261100DBD272 /* cheerSound.wav in Resources */,
				BAA5DF51288C0594001931FE /* KOTRA HOPE.ttf in Resources */,
				9656BC4A28910A5A00318D07 /* checkmark.json in Resources */,
				BA356C5D2891062600224A24 /* textSound.wav in Resources */,
				BA356C6528911CEA00224A24 /* pageFlipSound.wav in Resources */,
				BA356C61289117F600224A24 /* startGameSound.wav in Resources */,
			);
			runOnlyForDeploymentPostprocessing = 0;
		};
/* End PBXResourcesBuildPhase section */

/* Begin PBXSourcesBuildPhase section */
		9678A709288AC3E600678BDF /* Sources */ = {
			isa = PBXSourcesBuildPhase;
			buildActionMask = 2147483647;
			files = (
				42C01237288D63F300E0CADB /* QuizWrongViewController.swift in Sources */,
				42E8B23F288C0E210097D909 /* QuizCompleteView.swift in Sources */,
				42F30F23288C03A900F772C6 /* QuizCompleteViewController.swift in Sources */,
				9656BC4C28910AD500318D07 /* CheckmarkLottieView.swift in Sources */,
				9678A715288AC3E600678BDF /* MainViewController.swift in Sources */,
				96DBD9BB288BC9FF006B2767 /* ClearTestViewController.swift in Sources */,
				42C0123C288FB2EA00E0CADB /* DataModel.swift in Sources */,
				964E45CA288DB69C004A43D4 /* EntranceView.swift in Sources */,
				964E45C8288D8F33004A43D4 /* Memo.swift in Sources */,
				FE5DCEEF288D57D900DBD272 /* QuizPageViewController.swift in Sources */,
				FE5DCEEE288D57D900DBD272 /* QuizViewController.swift in Sources */,
				96D35B48288F12F9000FAC52 /* ReadyView.swift in Sources */,
				9678A711288AC3E600678BDF /* AppDelegate.swift in Sources */,
				BAA5DF4F288C03F1001931FE /* LaunchScreenController.swift in Sources */,
				9678A713288AC3E600678BDF /* SceneDelegate.swift in Sources */,
				96DBD9B9288BB9E6006B2767 /* Extension.swift in Sources */,
				42C01235288D63C300E0CADB /* QuizWrongView.swift in Sources */,
			);
			runOnlyForDeploymentPostprocessing = 0;
		};
/* End PBXSourcesBuildPhase section */

/* Begin PBXVariantGroup section */
		9678A71B288AC3E700678BDF /* LaunchScreen.storyboard */ = {
			isa = PBXVariantGroup;
			children = (
				9678A71C288AC3E700678BDF /* Base */,
			);
			name = LaunchScreen.storyboard;
			sourceTree = "<group>";
		};
/* End PBXVariantGroup section */

/* Begin XCBuildConfiguration section */
		9678A71F288AC3E700678BDF /* Debug */ = {
			isa = XCBuildConfiguration;
			buildSettings = {
				ALWAYS_SEARCH_USER_PATHS = NO;
				CLANG_ANALYZER_NONNULL = YES;
				CLANG_ANALYZER_NUMBER_OBJECT_CONVERSION = YES_AGGRESSIVE;
				CLANG_CXX_LANGUAGE_STANDARD = "gnu++17";
				CLANG_ENABLE_MODULES = YES;
				CLANG_ENABLE_OBJC_ARC = YES;
				CLANG_ENABLE_OBJC_WEAK = YES;
				CLANG_WARN_BLOCK_CAPTURE_AUTORELEASING = YES;
				CLANG_WARN_BOOL_CONVERSION = YES;
				CLANG_WARN_COMMA = YES;
				CLANG_WARN_CONSTANT_CONVERSION = YES;
				CLANG_WARN_DEPRECATED_OBJC_IMPLEMENTATIONS = YES;
				CLANG_WARN_DIRECT_OBJC_ISA_USAGE = YES_ERROR;
				CLANG_WARN_DOCUMENTATION_COMMENTS = YES;
				CLANG_WARN_EMPTY_BODY = YES;
				CLANG_WARN_ENUM_CONVERSION = YES;
				CLANG_WARN_INFINITE_RECURSION = YES;
				CLANG_WARN_INT_CONVERSION = YES;
				CLANG_WARN_NON_LITERAL_NULL_CONVERSION = YES;
				CLANG_WARN_OBJC_IMPLICIT_RETAIN_SELF = YES;
				CLANG_WARN_OBJC_LITERAL_CONVERSION = YES;
				CLANG_WARN_OBJC_ROOT_CLASS = YES_ERROR;
				CLANG_WARN_QUOTED_INCLUDE_IN_FRAMEWORK_HEADER = YES;
				CLANG_WARN_RANGE_LOOP_ANALYSIS = YES;
				CLANG_WARN_STRICT_PROTOTYPES = YES;
				CLANG_WARN_SUSPICIOUS_MOVE = YES;
				CLANG_WARN_UNGUARDED_AVAILABILITY = YES_AGGRESSIVE;
				CLANG_WARN_UNREACHABLE_CODE = YES;
				CLANG_WARN__DUPLICATE_METHOD_MATCH = YES;
				COPY_PHASE_STRIP = NO;
				DEBUG_INFORMATION_FORMAT = dwarf;
				ENABLE_STRICT_OBJC_MSGSEND = YES;
				ENABLE_TESTABILITY = YES;
				GCC_C_LANGUAGE_STANDARD = gnu11;
				GCC_DYNAMIC_NO_PIC = NO;
				GCC_NO_COMMON_BLOCKS = YES;
				GCC_OPTIMIZATION_LEVEL = 0;
				GCC_PREPROCESSOR_DEFINITIONS = (
					"DEBUG=1",
					"$(inherited)",
				);
				GCC_WARN_64_TO_32_BIT_CONVERSION = YES;
				GCC_WARN_ABOUT_RETURN_TYPE = YES_ERROR;
				GCC_WARN_UNDECLARED_SELECTOR = YES;
				GCC_WARN_UNINITIALIZED_AUTOS = YES_AGGRESSIVE;
				GCC_WARN_UNUSED_FUNCTION = YES;
				GCC_WARN_UNUSED_VARIABLE = YES;
				IPHONEOS_DEPLOYMENT_TARGET = 15.5;
				MTL_ENABLE_DEBUG_INFO = INCLUDE_SOURCE;
				MTL_FAST_MATH = YES;
				ONLY_ACTIVE_ARCH = YES;
				SDKROOT = iphoneos;
				SWIFT_ACTIVE_COMPILATION_CONDITIONS = DEBUG;
				SWIFT_OPTIMIZATION_LEVEL = "-Onone";
			};
			name = Debug;
		};
		9678A720288AC3E700678BDF /* Release */ = {
			isa = XCBuildConfiguration;
			buildSettings = {
				ALWAYS_SEARCH_USER_PATHS = NO;
				CLANG_ANALYZER_NONNULL = YES;
				CLANG_ANALYZER_NUMBER_OBJECT_CONVERSION = YES_AGGRESSIVE;
				CLANG_CXX_LANGUAGE_STANDARD = "gnu++17";
				CLANG_ENABLE_MODULES = YES;
				CLANG_ENABLE_OBJC_ARC = YES;
				CLANG_ENABLE_OBJC_WEAK = YES;
				CLANG_WARN_BLOCK_CAPTURE_AUTORELEASING = YES;
				CLANG_WARN_BOOL_CONVERSION = YES;
				CLANG_WARN_COMMA = YES;
				CLANG_WARN_CONSTANT_CONVERSION = YES;
				CLANG_WARN_DEPRECATED_OBJC_IMPLEMENTATIONS = YES;
				CLANG_WARN_DIRECT_OBJC_ISA_USAGE = YES_ERROR;
				CLANG_WARN_DOCUMENTATION_COMMENTS = YES;
				CLANG_WARN_EMPTY_BODY = YES;
				CLANG_WARN_ENUM_CONVERSION = YES;
				CLANG_WARN_INFINITE_RECURSION = YES;
				CLANG_WARN_INT_CONVERSION = YES;
				CLANG_WARN_NON_LITERAL_NULL_CONVERSION = YES;
				CLANG_WARN_OBJC_IMPLICIT_RETAIN_SELF = YES;
				CLANG_WARN_OBJC_LITERAL_CONVERSION = YES;
				CLANG_WARN_OBJC_ROOT_CLASS = YES_ERROR;
				CLANG_WARN_QUOTED_INCLUDE_IN_FRAMEWORK_HEADER = YES;
				CLANG_WARN_RANGE_LOOP_ANALYSIS = YES;
				CLANG_WARN_STRICT_PROTOTYPES = YES;
				CLANG_WARN_SUSPICIOUS_MOVE = YES;
				CLANG_WARN_UNGUARDED_AVAILABILITY = YES_AGGRESSIVE;
				CLANG_WARN_UNREACHABLE_CODE = YES;
				CLANG_WARN__DUPLICATE_METHOD_MATCH = YES;
				COPY_PHASE_STRIP = NO;
				DEBUG_INFORMATION_FORMAT = "dwarf-with-dsym";
				ENABLE_NS_ASSERTIONS = NO;
				ENABLE_STRICT_OBJC_MSGSEND = YES;
				GCC_C_LANGUAGE_STANDARD = gnu11;
				GCC_NO_COMMON_BLOCKS = YES;
				GCC_WARN_64_TO_32_BIT_CONVERSION = YES;
				GCC_WARN_ABOUT_RETURN_TYPE = YES_ERROR;
				GCC_WARN_UNDECLARED_SELECTOR = YES;
				GCC_WARN_UNINITIALIZED_AUTOS = YES_AGGRESSIVE;
				GCC_WARN_UNUSED_FUNCTION = YES;
				GCC_WARN_UNUSED_VARIABLE = YES;
				IPHONEOS_DEPLOYMENT_TARGET = 15.5;
				MTL_ENABLE_DEBUG_INFO = NO;
				MTL_FAST_MATH = YES;
				SDKROOT = iphoneos;
				SWIFT_COMPILATION_MODE = wholemodule;
				SWIFT_OPTIMIZATION_LEVEL = "-O";
				VALIDATE_PRODUCT = YES;
			};
			name = Release;
		};
		9678A722288AC3E700678BDF /* Debug */ = {
			isa = XCBuildConfiguration;
			buildSettings = {
				ASSETCATALOG_COMPILER_APPICON_NAME = AppIcon;
				ASSETCATALOG_COMPILER_GLOBAL_ACCENT_COLOR_NAME = AccentColor;
				CODE_SIGN_STYLE = Automatic;
				CURRENT_PROJECT_VERSION = 1;
				DEVELOPMENT_TEAM = B2RV52W8G3;
				GENERATE_INFOPLIST_FILE = YES;
				INFOPLIST_FILE = FindAnimalFriends/Info.plist;
				INFOPLIST_KEY_UIApplicationSupportsIndirectInputEvents = YES;
				INFOPLIST_KEY_UILaunchStoryboardName = LaunchScreen;
				INFOPLIST_KEY_UISupportedInterfaceOrientations_iPad = "UIInterfaceOrientationPortrait UIInterfaceOrientationPortraitUpsideDown UIInterfaceOrientationLandscapeLeft UIInterfaceOrientationLandscapeRight";
				INFOPLIST_KEY_UISupportedInterfaceOrientations_iPhone = UIInterfaceOrientationPortrait;
				INFOPLIST_KEY_UIUserInterfaceStyle = Light;
				LD_RUNPATH_SEARCH_PATHS = (
					"$(inherited)",
					"@executable_path/Frameworks",
				);
				MARKETING_VERSION = 1.0;
				PRODUCT_BUNDLE_IDENTIFIER = com.swiftist.FindAnimalFriends;
				PRODUCT_NAME = "$(TARGET_NAME)";
				SWIFT_EMIT_LOC_STRINGS = YES;
				SWIFT_VERSION = 5.0;
				TARGETED_DEVICE_FAMILY = 1;
			};
			name = Debug;
		};
		9678A723288AC3E700678BDF /* Release */ = {
			isa = XCBuildConfiguration;
			buildSettings = {
				ASSETCATALOG_COMPILER_APPICON_NAME = AppIcon;
				ASSETCATALOG_COMPILER_GLOBAL_ACCENT_COLOR_NAME = AccentColor;
				CODE_SIGN_STYLE = Automatic;
				CURRENT_PROJECT_VERSION = 1;
				DEVELOPMENT_TEAM = B2RV52W8G3;
				GENERATE_INFOPLIST_FILE = YES;
				INFOPLIST_FILE = FindAnimalFriends/Info.plist;
				INFOPLIST_KEY_UIApplicationSupportsIndirectInputEvents = YES;
				INFOPLIST_KEY_UILaunchStoryboardName = LaunchScreen;
				INFOPLIST_KEY_UISupportedInterfaceOrientations_iPad = "UIInterfaceOrientationPortrait UIInterfaceOrientationPortraitUpsideDown UIInterfaceOrientationLandscapeLeft UIInterfaceOrientationLandscapeRight";
				INFOPLIST_KEY_UISupportedInterfaceOrientations_iPhone = UIInterfaceOrientationPortrait;
				INFOPLIST_KEY_UIUserInterfaceStyle = Light;
				LD_RUNPATH_SEARCH_PATHS = (
					"$(inherited)",
					"@executable_path/Frameworks",
				);
				MARKETING_VERSION = 1.0;
				PRODUCT_BUNDLE_IDENTIFIER = com.swiftist.FindAnimalFriends;
				PRODUCT_NAME = "$(TARGET_NAME)";
				SWIFT_EMIT_LOC_STRINGS = YES;
				SWIFT_VERSION = 5.0;
				TARGETED_DEVICE_FAMILY = 1;
			};
			name = Release;
		};
/* End XCBuildConfiguration section */

/* Begin XCConfigurationList section */
		9678A708288AC3E600678BDF /* Build configuration list for PBXProject "FindAnimalFriends" */ = {
			isa = XCConfigurationList;
			buildConfigurations = (
				9678A71F288AC3E700678BDF /* Debug */,
				9678A720288AC3E700678BDF /* Release */,
			);
			defaultConfigurationIsVisible = 0;
			defaultConfigurationName = Release;
		};
		9678A721288AC3E700678BDF /* Build configuration list for PBXNativeTarget "FindAnimalFriends" */ = {
			isa = XCConfigurationList;
			buildConfigurations = (
				9678A722288AC3E700678BDF /* Debug */,
				9678A723288AC3E700678BDF /* Release */,
			);
			defaultConfigurationIsVisible = 0;
			defaultConfigurationName = Release;
		};
/* End XCConfigurationList section */

/* Begin XCRemoteSwiftPackageReference section */
		9656BC4D28910B4800318D07 /* XCRemoteSwiftPackageReference "lottie-ios" */ = {
			isa = XCRemoteSwiftPackageReference;
			repositoryURL = "https://github.com/airbnb/lottie-ios";
			requirement = {
				kind = upToNextMajorVersion;
				minimumVersion = 3.0.0;
			};
		};
/* End XCRemoteSwiftPackageReference section */

/* Begin XCSwiftPackageProductDependency section */
		9656BC4E28910B4800318D07 /* Lottie */ = {
			isa = XCSwiftPackageProductDependency;
			package = 9656BC4D28910B4800318D07 /* XCRemoteSwiftPackageReference "lottie-ios" */;
			productName = Lottie;
		};
/* End XCSwiftPackageProductDependency section */
	};
	rootObject = 9678A705288AC3E600678BDF /* Project object */;
}
